
Microsoft Visual Studio Solution File, Format Version 12.00
# Visual Studio 15
VisualStudioVersion = 15.0.28307.421
MinimumVisualStudioVersion = 10.0.40219.1
Project("{FAE04EC0-301F-11D3-BF4B-00C04F79EFBC}") = "Calcolatrice_v2", "Calcolatrice_v2\Calcolatrice_v2.csproj", "{44E3483A-F852-4867-8EC3-DE6D9BA93CDE}"
EndProject
Global
	GlobalSection(SolutionConfigurationPlatforms) = preSolution
		Debug|Any CPU = Debug|Any CPU
		Release|Any CPU = Release|Any CPU
	EndGlobalSection
	GlobalSection(ProjectConfigurationPlatforms) = postSolution
		{44E3483A-F852-4867-8EC3-DE6D9BA93CDE}.Debug|Any CPU.ActiveCfg = Debug|Any CPU
		{44E3483A-F852-4867-8EC3-DE6D9BA93CDE}.Debug|Any CPU.Build.0 = Debug|Any CPU
		{44E3483A-F852-4867-8EC3-DE6D9BA93CDE}.Release|Any CPU.ActiveCfg = Release|Any CPU
		{44E3483A-F852-4867-8EC3-DE6D9BA93CDE}.Release|Any CPU.Build.0 = Release|Any CPU
	EndGlobalSection
	GlobalSection(SolutionProperties) = preSolution
		HideSolutionNode = FALSE
	EndGlobalSection
	GlobalSection(ExtensibilityGlobals) = postSolution
		SolutionGuid = {ED4F55A6-E43C-4DB6-B5F8-A4018E0D596E}
	EndGlobalSection
EndGlobal
